
Microsoft Visual Studio Solution File, Format Version 12.00
# Visual Studio Version 17
VisualStudioVersion = 17.4.33122.133
MinimumVisualStudioVersion = 10.0.40219.1
Project("{FAE04EC0-301F-11D3-BF4B-00C04F79EFBC}") = "AdventOfCode2022", "AdventOfCode2022\AdventOfCode2022.csproj", "{4D4DADDD-0536-435E-96FE-FC9CBDEB4B39}"
EndProject
Project("{FAE04EC0-301F-11D3-BF4B-00C04F79EFBC}") = "AdventOfCode2022.Tests", "AdventOfCode2022.Tests\AdventOfCode2022.Tests.csproj", "{A05244A6-C9DC-4F6E-93D2-C928222CBAFC}"
EndProject
Global
	GlobalSection(SolutionConfigurationPlatforms) = preSolution
		Debug|Any CPU = Debug|Any CPU
		Release|Any CPU = Release|Any CPU
	EndGlobalSection
	GlobalSection(ProjectConfigurationPlatforms) = postSolution
		{4D4DADDD-0536-435E-96FE-FC9CBDEB4B39}.Debug|Any CPU.ActiveCfg = Debug|Any CPU
		{4D4DADDD-0536-435E-96FE-FC9CBDEB4B39}.Debug|Any CPU.Build.0 = Debug|Any CPU
		{4D4DADDD-0536-435E-96FE-FC9CBDEB4B39}.Release|Any CPU.ActiveCfg = Release|Any CPU
		{4D4DADDD-0536-435E-96FE-FC9CBDEB4B39}.Release|Any CPU.Build.0 = Release|Any CPU
		{A05244A6-C9DC-4F6E-93D2-C928222CBAFC}.Debug|Any CPU.ActiveCfg = Debug|Any CPU
		{A05244A6-C9DC-4F6E-93D2-C928222CBAFC}.Debug|Any CPU.Build.0 = Debug|Any CPU
		{A05244A6-C9DC-4F6E-93D2-C928222CBAFC}.Release|Any CPU.ActiveCfg = Release|Any CPU
		{A05244A6-C9DC-4F6E-93D2-C928222CBAFC}.Release|Any CPU.Build.0 = Release|Any CPU
	EndGlobalSection
	GlobalSection(SolutionProperties) = preSolution
		HideSolutionNode = FALSE
	EndGlobalSection
	GlobalSection(ExtensibilityGlobals) = postSolution
		SolutionGuid = {CC083853-EBDF-487A-99F4-CAA8416CD1DB}
	EndGlobalSection
EndGlobal
